{
  "name": "project03",
  "version": "1.0.0",
  "lockfileVersion": 1,
  "requires": true,
  "dependencies": {
    "connect-multiparty": {
      "version": "2.2.0",
      "resolved": "https://registry.npm.taobao.org/connect-multiparty/download/connect-multiparty-2.2.0.tgz",
      "integrity": "sha1-tJMkgtuimPgrilS3D7YOxdcjk8M="
    },
    "cookie-parser": {
      "version": "1.4.4",
      "resolved": "https://registry.npm.taobao.org/cookie-parser/download/cookie-parser-1.4.4.tgz",
      "integrity": "sha1-5jY95OqYw975aXuTQhwJ8wz10Yg="
    },
    "ejs": {
      "version": "2.7.1",
      "resolved": "https://registry.npm.taobao.org/ejs/download/ejs-2.7.1.tgz",
      "integrity": "sha1-W1q1f3GLedSsqSVEV6/s02+oAig="
    },
    "express": {
      "version": "4.17.1",
      "resolved": "https://registry.npm.taobao.org/express/download/express-4.17.1.tgz",
      "integrity": "sha1-RJH8OGBc9R+GKdOcK10Cb5ikwTQ=",
      "dependencies": {
        "cookie": {
          "version": "0.4.0",
          "resolved": "https://registry.npm.taobao.org/cookie/download/cookie-0.4.0.tgz",
          "integrity": "sha1-vrQ35wIrO21JAZ0IhmUwPr6cFLo="
        },
        "qs": {
          "version": "6.7.0",
          "resolved": "https://registry.npm.taobao.org/qs/download/qs-6.7.0.tgz?cache=0&other_urls=https%3A%2F%2Fregistry.npm.taobao.org%2Fqs%2Fdownload%2Fqs-6.7.0.tgz",
          "integrity": "sha1-QdwaAV49WB8WIXdr4xr7KHapsbw="
        }
      }
    },
    "express-session": {
      "version": "1.17.0",
      "resolved": "https://registry.npm.taobao.org/express-session/download/express-session-1.17.0.tgz",
      "integrity": "sha1-m1DbteigPDU3NoE48HJzYVC3+bM=",
      "dependencies": {
        "cookie": {
          "version": "0.4.0",
          "resolved": "https://registry.npm.taobao.org/cookie/download/cookie-0.4.0.tgz",
          "integrity": "sha1-vrQ35wIrO21JAZ0IhmUwPr6cFLo="
        },
        "depd": {
          "version": "2.0.0",
          "resolved": "https://registry.npm.taobao.org/depd/download/depd-2.0.0.tgz",
          "integrity": "sha1-tpYWPMdXVg0JzyLMj60Vcbeedt8="
        },
        "safe-buffer": {
          "version": "5.2.0",
          "resolved": "https://registry.npm.taobao.org/safe-buffer/download/safe-buffer-5.2.0.tgz",
          "integrity": "sha1-t02uxJsRSPiMZLaNSbHoFcHy9Rk="
        }
      }
    },
    "formidable": {
      "version": "1.2.1",
      "resolved": "https://registry.npm.taobao.org/formidable/download/formidable-1.2.1.tgz",
      "integrity": "sha1-cPt8oCkO5v+WEJBBX0s989IIJlk="
    },
    "gm": {
      "version": "1.23.1",
      "resolved": "https://registry.npm.taobao.org/gm/download/gm-1.23.1.tgz",
      "integrity": "sha1-Lt7rlYCE0PjqeYjl2ZWxx9/BR3c=",
      "dependencies": {
        "debug": {
          "version": "3.2.6",
          "resolved": "https://registry.npm.taobao.org/debug/download/debug-3.2.6.tgz",
          "integrity": "sha1-6D0X3hbYp++3cX7b5fsQE17uYps="
        },
        "ms": {
          "version": "2.1.2",
          "resolved": "https://registry.npm.taobao.org/ms/download/ms-2.1.2.tgz",
          "integrity": "sha1-0J0fNXtEP0kzgqjrPM0YOHKuYAk="
        }
      }
    },
    "memory-pager": {
      "version": "1.5.0",
      "resolved": "https://registry.npmjs.org/memory-pager/-/memory-pager-1.5.0.tgz",
      "integrity": "sha512-ZS4Bp4r/Zoeq6+NLJpP+0Zzm0pR8whtGPf1XExKLJBAczGMnSi3It14OiNCStjQjM6NU1okjQGSxgEZN8eBYKg==",
      "optional": true
    },
    "mongodb": {
      "version": "3.1.13",
      "resolved": "https://registry.npmjs.org/mongodb/-/mongodb-3.1.13.tgz",
      "integrity": "sha512-sz2dhvBZQWf3LRNDhbd30KHVzdjZx9IKC0L+kSZ/gzYquCF5zPOgGqRz6sSCqYZtKP2ekB4nfLxhGtzGHnIKxA==",
      "requires": {
        "mongodb-core": "3.1.11",
        "safe-buffer": "^5.1.2"
      },
      "dependencies": {
        "bson": {
          "version": "1.1.5",
          "resolved": "https://registry.npmjs.org/bson/-/bson-1.1.5.tgz",
          "integrity": "sha512-kDuEzldR21lHciPQAIulLs1LZlCXdLziXI6Mb/TDkwXhb//UORJNPXgcRs2CuO4H0DcMkpfT3/ySsP3unoZjBg=="
        },
        "mongodb-core": {
          "version": "3.1.11",
          "resolved": "https://registry.npmjs.org/mongodb-core/-/mongodb-core-3.1.11.tgz",
          "integrity": "sha512-rD2US2s5qk/ckbiiGFHeu+yKYDXdJ1G87F6CG3YdaZpzdOm5zpoAZd/EKbPmFO6cQZ+XVXBXBJ660sSI0gc6qg==",
          "requires": {
            "bson": "^1.1.0",
            "require_optional": "^1.0.1",
            "safe-buffer": "^5.1.2",
            "saslprep": "^1.0.0"
          }
        }
      }
    },
    "require_optional": {
      "version": "1.0.1",
      "resolved": "https://registry.npm.taobao.org/require_optional/download/require_optional-1.0.1.tgz",
      "integrity": "sha1-TPNaQkf2TKPfjC7yCMxJSxyo/C4="
    },
    "safe-buffer": {
      "version": "5.1.2",
      "resolved": "https://registry.npm.taobao.org/safe-buffer/download/safe-buffer-5.1.2.tgz",
      "integrity": "sha1-mR7GnSluAxN0fVm9/St0XDX4go0="
    },
    "saslprep": {
      "version": "1.0.3",
      "resolved": "https://registry.npmjs.org/saslprep/-/saslprep-1.0.3.tgz",
      "integrity": "sha512-/MY/PEMbk2SuY5sScONwhUDsV2p77Znkb/q3nSVstq/yQzYJOH/Azh29p9oJLsl3LnQwSvZDKagDGBsBwSooag==",
      "optional": true,
      "requires": {
        "sparse-bitfield": "^3.0.3"
      }
    },
    "silly-datetime": {
      "version": "0.1.2",
      "resolved": "https://registry.npm.taobao.org/silly-datetime/download/silly-datetime-0.1.2.tgz",
      "integrity": "sha1-IZeOjo2EgWFgY6wRL/FGk/BuuFs="
    },
    "socket.io": {
      "version": "1.7.4",
      "resolved": "https://registry.npm.taobao.org/socket.io/download/socket.io-1.7.4.tgz",
      "integrity": "sha1-L37O3DORvy1cc+KR/iM+bjTU3QA=",
      "dev": true,
      "dependencies": {
        "debug": {
          "version": "2.3.3",
          "resolved": "https://registry.npm.taobao.org/debug/download/debug-2.3.3.tgz",
          "integrity": "sha1-QMRT5n5uE8kB3ewxeviYbNqe/4w="
        },
        "ms": {
          "version": "0.7.2",
          "resolved": "https://registry.npm.taobao.org/ms/download/ms-0.7.2.tgz",
          "integrity": "sha1-riXPJRKziFodldfwN4aNhDESR2U="
        }
      }
    },
    "sparse-bitfield": {
      "version": "3.0.3",
      "resolved": "https://registry.npmjs.org/sparse-bitfield/-/sparse-bitfield-3.0.3.tgz",
      "integrity": "sha1-/0rm5oZWBWuks+eSqzM004JzyhE=",
      "optional": true,
      "requires": {
        "memory-pager": "^1.0.2"
      }
    }
  }
}
